
Microsoft Visual Studio Solution File, Format Version 12.00
# Visual Studio Version 17
VisualStudioVersion = 17.0.31903.59
MinimumVisualStudioVersion = 10.0.40219.1
Project("{FAE04EC0-301F-11D3-BF4B-00C04F79EFBC}") = "Velusia.Server", "Velusia.Server\Velusia.Server.csproj", "{7EA6901C-D475-4FA3-8BFA-FCCA5961B06A}"
EndProject
Project("{FAE04EC0-301F-11D3-BF4B-00C04F79EFBC}") = "Velusia.Client", "Velusia.Client\Velusia.Client.csproj", "{8CFEA1C9-AB3F-41A0-98C9-748A2EB138FA}"
EndProject
Project("{FAE04EC0-301F-11D3-BF4B-00C04F79EFBC}") = "Velusia.ClientOfAnother", "Velusia.ClientOfAnother\Velusia.ClientOfAnother.csproj", "{F1E2A7CE-1CC9-47AF-9172-332815D0BCC7}"
EndProject
Global
	GlobalSection(SolutionConfigurationPlatforms) = preSolution
		Debug|Any CPU = Debug|Any CPU
		Release|Any CPU = Release|Any CPU
	EndGlobalSection
	GlobalSection(ProjectConfigurationPlatforms) = postSolution
		{7EA6901C-D475-4FA3-8BFA-FCCA5961B06A}.Debug|Any CPU.ActiveCfg = Debug|Any CPU
		{7EA6901C-D475-4FA3-8BFA-FCCA5961B06A}.Debug|Any CPU.Build.0 = Debug|Any CPU
		{7EA6901C-D475-4FA3-8BFA-FCCA5961B06A}.Release|Any CPU.ActiveCfg = Release|Any CPU
		{7EA6901C-D475-4FA3-8BFA-FCCA5961B06A}.Release|Any CPU.Build.0 = Release|Any CPU
		{8CFEA1C9-AB3F-41A0-98C9-748A2EB138FA}.Debug|Any CPU.ActiveCfg = Debug|Any CPU
		{8CFEA1C9-AB3F-41A0-98C9-748A2EB138FA}.Debug|Any CPU.Build.0 = Debug|Any CPU
		{8CFEA1C9-AB3F-41A0-98C9-748A2EB138FA}.Release|Any CPU.ActiveCfg = Release|Any CPU
		{8CFEA1C9-AB3F-41A0-98C9-748A2EB138FA}.Release|Any CPU.Build.0 = Release|Any CPU
		{F1E2A7CE-1CC9-47AF-9172-332815D0BCC7}.Debug|Any CPU.ActiveCfg = Debug|Any CPU
		{F1E2A7CE-1CC9-47AF-9172-332815D0BCC7}.Debug|Any CPU.Build.0 = Debug|Any CPU
		{F1E2A7CE-1CC9-47AF-9172-332815D0BCC7}.Release|Any CPU.ActiveCfg = Release|Any CPU
		{F1E2A7CE-1CC9-47AF-9172-332815D0BCC7}.Release|Any CPU.Build.0 = Release|Any CPU
	EndGlobalSection
	GlobalSection(SolutionProperties) = preSolution
		HideSolutionNode = FALSE
	EndGlobalSection
EndGlobal
